
Microsoft Visual Studio Solution File, Format Version 12.00
# Visual Studio 2013
VisualStudioVersion = 12.0.21005.1
MinimumVisualStudioVersion = 10.0.40219.1
Project("{FAE04EC0-301F-11D3-BF4B-00C04F79EFBC}") = "GUI", "GUI\GUI.csproj", "{5F81296E-8283-4274-BDA9-5B1CAD0D01B7}"
EndProject
Project("{FAE04EC0-301F-11D3-BF4B-00C04F79EFBC}") = "DTO", "DTO\DTO.csproj", "{D2EADE0D-A9AB-484B-9164-CC1935FFC606}"
EndProject
Project("{FAE04EC0-301F-11D3-BF4B-00C04F79EFBC}") = "BLL", "BLL\BLL.csproj", "{4C0C882F-C8BB-44FB-A0AC-05ECF985D6E1}"
EndProject
Project("{FAE04EC0-301F-11D3-BF4B-00C04F79EFBC}") = "DAL", "DAL\DAL.csproj", "{77034C0A-44E7-44AC-A5EC-28D3F444CC6F}"
EndProject
Global
	GlobalSection(SolutionConfigurationPlatforms) = preSolution
		Debug|Any CPU = Debug|Any CPU
		Release|Any CPU = Release|Any CPU
	EndGlobalSection
	GlobalSection(ProjectConfigurationPlatforms) = postSolution
		{5F81296E-8283-4274-BDA9-5B1CAD0D01B7}.Debug|Any CPU.ActiveCfg = Debug|Any CPU
		{5F81296E-8283-4274-BDA9-5B1CAD0D01B7}.Debug|Any CPU.Build.0 = Debug|Any CPU
		{5F81296E-8283-4274-BDA9-5B1CAD0D01B7}.Release|Any CPU.ActiveCfg = Release|Any CPU
		{5F81296E-8283-4274-BDA9-5B1CAD0D01B7}.Release|Any CPU.Build.0 = Release|Any CPU
		{D2EADE0D-A9AB-484B-9164-CC1935FFC606}.Debug|Any CPU.ActiveCfg = Debug|Any CPU
		{D2EADE0D-A9AB-484B-9164-CC1935FFC606}.Debug|Any CPU.Build.0 = Debug|Any CPU
		{D2EADE0D-A9AB-484B-9164-CC1935FFC606}.Release|Any CPU.ActiveCfg = Release|Any CPU
		{D2EADE0D-A9AB-484B-9164-CC1935FFC606}.Release|Any CPU.Build.0 = Release|Any CPU
		{4C0C882F-C8BB-44FB-A0AC-05ECF985D6E1}.Debug|Any CPU.ActiveCfg = Debug|Any CPU
		{4C0C882F-C8BB-44FB-A0AC-05ECF985D6E1}.Debug|Any CPU.Build.0 = Debug|Any CPU
		{4C0C882F-C8BB-44FB-A0AC-05ECF985D6E1}.Release|Any CPU.ActiveCfg = Release|Any CPU
		{4C0C882F-C8BB-44FB-A0AC-05ECF985D6E1}.Release|Any CPU.Build.0 = Release|Any CPU
		{77034C0A-44E7-44AC-A5EC-28D3F444CC6F}.Debug|Any CPU.ActiveCfg = Debug|Any CPU
		{77034C0A-44E7-44AC-A5EC-28D3F444CC6F}.Debug|Any CPU.Build.0 = Debug|Any CPU
		{77034C0A-44E7-44AC-A5EC-28D3F444CC6F}.Release|Any CPU.ActiveCfg = Release|Any CPU
		{77034C0A-44E7-44AC-A5EC-28D3F444CC6F}.Release|Any CPU.Build.0 = Release|Any CPU
	EndGlobalSection
	GlobalSection(SolutionProperties) = preSolution
		HideSolutionNode = FALSE
	EndGlobalSection
EndGlobal
